{
  "version": 1,
  "targets": {
    "en": {
      "about.body": "3429924fbb56355a",
      "about.downloadCv": "603aea15b7d9865e",
      "about.expertise.api.description": "5a8497ce830d6769",
      "about.expertise.api.title": "25c07af49f21e89a",
      "about.expertise.desktop.description": "3d4f901369336381",
      "about.expertise.desktop.title": "465a8c081f2e98ab",
      "about.expertise.services.description": "7332b679dcc7a857",
      "about.expertise.services.title": "7842ab0503df872f",
      "about.expertise.web.description": "ab9e44a54b150be5",
      "about.expertise.web.title": "2201eb55f9396e8b",
      "about.expertiseHeading": "909877cad5565d76",
      "about.heading": "b6ae8d64960baff0",
      "about.highlights.ecosystemLabel": "c53347746ae07063",
      "about.highlights.ecosystemValue": "e9d102ce6aff4f54",
      "about.highlights.expertiseLabel": "e2455aa210cc730b",
      "about.highlights.expertiseValue": "b21045a89f2e4777",
      "about.highlights.locationLabel": "cc8b7c8aadf02bff",
      "about.highlights.locationValue": "d15b2145422e575c",
      "about.highlights.titleLabel": "0dc6fb963500e176",
      "about.highlights.titleValue": "4725ef1600dcdefd",
      "about.leadAfter": "54eef8f5cc7d8ced",
      "about.leadBefore": "da0b44bc77244142",
      "about.leadHighlight": "b3ff3dd9d080890d",
      "backToTop.aria": "82f8534542e20f7f",
      "blogCard.readMore": "86272fe47b2cc102",
      "blogCard.readingTime": "147037f3a2dc87d3",
      "blogPage.backHome": "dcd2f7f89bdc791d",
      "blogPage.emptyBody": "5c841e70d9e680e2",
      "blogPage.emptyTitle": "cfb22d65bfa90b76",
      "blogPage.heading": "8c6bc099534a0251",
      "blogPage.intro": "692a37bc99bebf30",
      "blogPage.metaDescription": "1661110432cccec1",
      "blogPage.metaTitle": "8c6bc099534a0251",
      "blogPage.title": "3113897a191eb6e5",
      "blogPost.backToAll": "320437e7c9078bb2",
      "blogPost.notFoundTitle": "966f53f46ee7f194",
      "blogPost.readingTime": "147037f3a2dc87d3",
      "blogPost.relatedPosts": "7a638c05982300f7",
      "blogTeaser.allPosts": "320437e7c9078bb2",
      "blogTeaser.body": "274f650e82bb3761",
      "blogTeaser.comingSoon": "9d7500ef20f5f1e6",
      "blogTeaser.emptyBody": "081c6d24ba313cac",
      "blogTeaser.emptyTitle": "cfb22d65bfa90b76",
      "blogTeaser.heading": "8c6bc099534a0251",
      "blogTeaser.postsInTurkish": "3d7bf9f8c05dbae2",
      "blogTeaser.title": "3113897a191eb6e5",
      "contact.cta": "1f7bc1ca68423527",
      "contact.heading": "5e948ad2e2df8515",
      "contact.title": "755e95f92def3492",
      "contactModal.close": "7b31a9fc4816824b",
      "contactModal.downloadCv": "603aea15b7d9865e",
      "contactModal.emailLabel": "e1081b69d80ace5d",
      "contactModal.linkedinLabel": "dd84425b72da12c6",
      "contactModal.resumeLabel": "1b92604aace2aacd",
      "contactModal.subtitle": "063c7eca5cc28479",
      "contactModal.title": "2e8ca39ccbd282e1",
      "contactModal.viewProfile": "6b20f775e5d8c726",
      "footer.rights": "810156f43ed9397f",
      "header.closeMenu": "5746a58b35815df8",
      "header.contactCta": "2e8ca39ccbd282e1",
      "header.openMenu": "73822f6a15438615",
      "header.switchLocale": "5f434646ab9efeaf",
      "header.themeToggle": "3a2dc85318a3dd72",
      "hero.badge": "d899984b1760c13e",
      "hero.ctaBlog": "4766b3660e8ac4dd",
      "hero.ctaContact": "29aa218a38d818d1",
      "hero.emailAria": "e1081b69d80ace5d",
      "hero.subtitle": "aacb14b3d9078cbb",
      "hero.title": "667fa04d23b8e2c0",
      "locakit.description": "4abcdd237300aa21",
      "locakit.features.0": "918e892a17eaddd4",
      "locakit.features.1": "b0d17b7bddac7758",
      "locakit.features.2": "62babf159a0ec8ba",
      "locakit.features.3": "c960db9723bd1254",
      "locakit.features.4": "986f4c55e4bb453e",
      "locakit.features.5": "397e8fd0d848648e",
      "locakit.features.6": "8d194730821799ec",
      "locakit.liveIntroAfter": "28b0a0bded3ce57a",
      "locakit.liveIntroBefore": "17176d12dfa8781c",
      "locakit.liveTitle": "13e8833108f686cf",
      "locakit.metaDescription": "d5747a105c6afc5c",
      "locakit.pageIntroAfter": "7e8b45b8643ccc71",
      "locakit.pageIntroBefore": "0f5ae519f2501ebc",
      "locakit.pageIntroEmphasis": "985779db835c571b",
      "locakit.pageTitle": "74a520a9a9891f6d",
      "locakit.tagline": "e087e9fd945ebdf6",
      "locakit.workflow.apply.detail": "bc164db144ce1001",
      "locakit.workflow.apply.step": "6f818c84c07b3fec",
      "locakit.workflow.apply.who": "5b61f4b1f89957f9",
      "locakit.workflow.check.detail": "0c03012a0e2a958f",
      "locakit.workflow.check.step": "e1135217c0846f72",
      "locakit.workflow.check.who": "5b61f4b1f89957f9",
      "locakit.workflow.diff.detail": "cb40d40d192b4bdd",
      "locakit.workflow.diff.step": "a98b008303ab7658",
      "locakit.workflow.diff.who": "5b61f4b1f89957f9",
      "locakit.workflow.translate.detail": "dab7c292ad10109a",
      "locakit.workflow.translate.step": "5727ffc1bc5acb8e",
      "locakit.workflow.translate.who": "7c64fb2f316ffadb",
      "meta.homeDescription": "2e29298e5225d426",
      "meta.homeTitle": "f7b97999fc453b2b",
      "meta.siteDescription": "43e544f79ba089b4",
      "meta.siteTitle": "26a39498b762020c",
      "nav.about": "b6ae8d64960baff0",
      "nav.blog": "8c6bc099534a0251",
      "nav.contact": "5e948ad2e2df8515",
      "nav.projects": "30bcb5bccd3e2e26",
      "nav.tools": "65bf2400d278597c",
      "notFound.backHome": "a6baf118ccf267a6",
      "notFound.body": "e2b7ca62bdcfc79b",
      "notFound.title": "54862c4b8a11fca6",
      "profile.location": "d15b2145422e575c",
      "profile.role": "f437caaefd9dc66f",
      "projects.descriptionFallback": "7e15cf381f06a67a",
      "projects.descriptionHasProjects": "9099ac885fcb7a2d",
      "projects.fallback.chat": "6bcf4c10bbd94375",
      "projects.fallback.microservices": "ca41b97eb9c1cdf7",
      "projects.fallback.portfolio": "fd6a2dbb5e43242f",
      "projects.githubAria": "defcbe32c118d1a9",
      "projects.heading": "30bcb5bccd3e2e26",
      "projects.liveAria": "bf3a0b4102bf09fe",
      "projects.subtitle": "6a8622199bde57b0",
      "skills.categories.backend": "05031991f6fc6505",
      "skills.categories.database": "d1e00818396c2e69",
      "skills.categories.devops": "0ef9625e84118dd1",
      "skills.categories.frontend": "af48bcf0b9511b39",
      "skills.heading": "277b511cb91e045f",
      "timeline.experience.0.company": "60ac6ec24b16ea8e",
      "timeline.experience.0.period": "166458b684114c94",
      "timeline.experience.0.points.0": "926391678a9e5547",
      "timeline.experience.0.points.1": "98557fb28cf887f9",
      "timeline.experience.0.points.2": "553de5955ee2ba94",
      "timeline.experience.0.role": "b4f9c1974bcd1c6e",
      "timeline.experience.1.company": "090c19fd2574f81e",
      "timeline.experience.1.period": "24cdf8697ccac494",
      "timeline.experience.1.points.0": "a56419cd1702f886",
      "timeline.experience.1.points.1": "8b4de2e4f1faa38f",
      "timeline.experience.1.role": "b4f9c1974bcd1c6e",
      "timeline.experience.2.company": "73b9503783821df6",
      "timeline.experience.2.period": "61cd84f6af1a2f10",
      "timeline.experience.2.points.0": "33bc3d0f56fc85b5",
      "timeline.experience.2.role": "31fbbbf064b51b44",
      "timeline.experience.3.company": "865d80a24f84b3c6",
      "timeline.experience.3.period": "51f17395bb7b59d8",
      "timeline.experience.3.points.0": "2efe0d8aa0723f36",
      "timeline.experience.3.points.1": "c74e741628f83173",
      "timeline.experience.3.role": "b4f9c1974bcd1c6e",
      "timeline.experience.4.company": "0cb667d154cbb70b",
      "timeline.experience.4.period": "879629694f6cab3f",
      "timeline.experience.4.points.0": "530513227748411d",
      "timeline.experience.4.role": "b956f60d46839f3c",
      "timeline.heading": "47ce755981407c45",
      "timeline.subtitle": "a97b662c3eab6152",
      "toolsPage.backHome": "dcd2f7f89bdc791d",
      "toolsPage.backToTools": "65bf2400d278597c",
      "toolsPage.demoInTurkishNote": "bb52fe715cb57563",
      "toolsPage.githubAria": "10766dec54e92394",
      "toolsPage.heading": "65bf2400d278597c",
      "toolsPage.intro": "b0a04a3b13dd8708",
      "toolsPage.metaDescription": "3800838cc91fc682",
      "toolsPage.metaTitle": "65bf2400d278597c",
      "toolsPage.packageAria": "bddb6500ba0cb741",
      "toolsPage.title": "77c267f8a8eaa11e",
      "toolsPage.tryLive": "712c73e3f89aaf11",
      "trkit.description": "b6a3feabb1eefce8",
      "trkit.disclaimer": "015c277be9c74333",
      "trkit.features.0": "918e892a17eaddd4",
      "trkit.features.1": "5de8b248b670de3e",
      "trkit.features.2": "8fc29ae8b8841a64",
      "trkit.features.3": "42364e866bd6e19d",
      "trkit.features.4": "0a383367cc27cdfd",
      "trkit.features.5": "8d194730821799ec",
      "trkit.metaDescription": "889fca0edddaa8f4",
      "trkit.pageIntro": "747e11680f6219d3",
      "trkit.pageTitle": "e8dd428240dd0dd0",
      "trkit.tagline": "66c24a425849e529"
    }
  }
}
